{
  "name": "image-watermark-sample",
  "version": "1.0.0",
  "lockfileVersion": 1,
  "requires": true,
  "dependencies": {
    "image-watermark": {
      "version": "0.0.7",
      "resolved": "https://registry.npmjs.org/image-watermark/-/image-watermark-0.0.7.tgz",
      "integrity": "sha1-5QTH3UM0ZF2Vd2+PxVB3vRvFqiI=",
      "requires": {
        "imagemagick": "0.1.3",
        "node-ratify": "1.1.32"
      }
    },
    "imagemagick": {
      "version": "0.1.3",
      "resolved": "https://registry.npmjs.org/imagemagick/-/imagemagick-0.1.3.tgz",
      "integrity": "sha1-dIPOoJO02fLi85aFetyIIbU3xWo="
    },
    "node-ratify": {
      "version": "1.1.32",
      "resolved": "https://registry.npmjs.org/node-ratify/-/node-ratify-1.1.32.tgz",
      "integrity": "sha1-OVeDfyyu2Du2G5mS21N9BSHbLfU="
    }
  }
}
